
Microsoft Visual Studio Solution File, Format Version 12.00
# Visual Studio 14
VisualStudioVersion = 14.0.23107.0
MinimumVisualStudioVersion = 10.0.40219.1
Project("{159641D6-6404-4A2A-AE62-294DE0FE8301}") = "Integration Services ProjectTest", "Integration Services ProjectTest\Integration Services ProjectTest.dtproj", "{4D6FD4D2-E986-481D-BAD7-6F4C92507AB7}"
EndProject
Global
	GlobalSection(SolutionConfigurationPlatforms) = preSolution
		Development|Default = Development|Default
	EndGlobalSection
	GlobalSection(ProjectConfigurationPlatforms) = postSolution
		{4D6FD4D2-E986-481D-BAD7-6F4C92507AB7}.Development|Default.ActiveCfg = Development
		{4D6FD4D2-E986-481D-BAD7-6F4C92507AB7}.Development|Default.Build.0 = Development
	EndGlobalSection
	GlobalSection(SolutionProperties) = preSolution
		HideSolutionNode = FALSE
	EndGlobalSection
EndGlobal
